
Microsoft Visual Studio Solution File, Format Version 12.00
# Visual Studio Version 17
VisualStudioVersion = 17.5.33530.505
MinimumVisualStudioVersion = 10.0.40219.1
Project("{9A19103F-16F7-4668-BE54-9A1E7A4F7556}") = "Einheit11", "Einheit11\Einheit11.csproj", "{DB311169-86C8-4C69-8C8A-58DEDEF2E50E}"
EndProject
Project("{FAE04EC0-301F-11D3-BF4B-00C04F79EFBC}") = "Einheit12", "Einheit12\Einheit12.csproj", "{1FA74168-99F9-4FD4-8F36-472CF32948B1}"
EndProject
Global
	GlobalSection(SolutionConfigurationPlatforms) = preSolution
		Debug|Any CPU = Debug|Any CPU
		Release|Any CPU = Release|Any CPU
	EndGlobalSection
	GlobalSection(ProjectConfigurationPlatforms) = postSolution
		{DB311169-86C8-4C69-8C8A-58DEDEF2E50E}.Debug|Any CPU.ActiveCfg = Debug|Any CPU
		{DB311169-86C8-4C69-8C8A-58DEDEF2E50E}.Debug|Any CPU.Build.0 = Debug|Any CPU
		{DB311169-86C8-4C69-8C8A-58DEDEF2E50E}.Release|Any CPU.ActiveCfg = Release|Any CPU
		{DB311169-86C8-4C69-8C8A-58DEDEF2E50E}.Release|Any CPU.Build.0 = Release|Any CPU
		{1FA74168-99F9-4FD4-8F36-472CF32948B1}.Debug|Any CPU.ActiveCfg = Debug|Any CPU
		{1FA74168-99F9-4FD4-8F36-472CF32948B1}.Debug|Any CPU.Build.0 = Debug|Any CPU
		{1FA74168-99F9-4FD4-8F36-472CF32948B1}.Release|Any CPU.ActiveCfg = Release|Any CPU
		{1FA74168-99F9-4FD4-8F36-472CF32948B1}.Release|Any CPU.Build.0 = Release|Any CPU
	EndGlobalSection
	GlobalSection(SolutionProperties) = preSolution
		HideSolutionNode = FALSE
	EndGlobalSection
	GlobalSection(ExtensibilityGlobals) = postSolution
		SolutionGuid = {909BDEF6-C58D-44C4-BCE0-C955ED6F9CF5}
	EndGlobalSection
EndGlobal
